
Microsoft Visual Studio Solution File, Format Version 12.00
Project("{2150E333-8FDC-42A3-9474-1A3956D46DE8}") = "samples", "samples", "{D5C0B8E2-FDB4-442B-95F6-282E82D688CE}"
EndProject
Project("{FAE04EC0-301F-11D3-BF4B-00C04F79EFBC}") = "GM.Mediator.Sample.Application", "GM.Mediator.Sample.Application\GM.Mediator.Sample.Application.csproj", "{F70D9062-870B-405D-8E90-FB5113248C4D}"
EndProject
Project("{FAE04EC0-301F-11D3-BF4B-00C04F79EFBC}") = "GM.Mediator.Sample.API", "GM.Mediator.Sample.API\GM.Mediator.Sample.API.csproj", "{2C973B1A-FCF8-4A46-B1D3-937CE7EE902A}"
EndProject
Project("{2150E333-8FDC-42A3-9474-1A3956D46DE8}") = "tests", "tests", "{0AB3BF05-4346-4AA6-1389-037BE0695223}"
EndProject
Project("{FAE04EC0-301F-11D3-BF4B-00C04F79EFBC}") = "GM.Mediator.Sample.Tests", "tests\GM.Mediator.Sample.Tests\GM.Mediator.Sample.Tests.csproj", "{4BB4FD0E-5AE4-43A2-8699-821C0A7A84FC}"
EndProject
Global
	GlobalSection(SolutionConfigurationPlatforms) = preSolution
		Debug|Any CPU = Debug|Any CPU
		Debug|x64 = Debug|x64
		Debug|x86 = Debug|x86
		Release|Any CPU = Release|Any CPU
		Release|x64 = Release|x64
		Release|x86 = Release|x86
	EndGlobalSection
	GlobalSection(ProjectConfigurationPlatforms) = postSolution
		{F70D9062-870B-405D-8E90-FB5113248C4D}.Debug|Any CPU.ActiveCfg = Debug|Any CPU
		{F70D9062-870B-405D-8E90-FB5113248C4D}.Debug|Any CPU.Build.0 = Debug|Any CPU
		{F70D9062-870B-405D-8E90-FB5113248C4D}.Debug|x64.ActiveCfg = Debug|Any CPU
		{F70D9062-870B-405D-8E90-FB5113248C4D}.Debug|x64.Build.0 = Debug|Any CPU
		{F70D9062-870B-405D-8E90-FB5113248C4D}.Debug|x86.ActiveCfg = Debug|Any CPU
		{F70D9062-870B-405D-8E90-FB5113248C4D}.Debug|x86.Build.0 = Debug|Any CPU
		{F70D9062-870B-405D-8E90-FB5113248C4D}.Release|Any CPU.ActiveCfg = Release|Any CPU
		{F70D9062-870B-405D-8E90-FB5113248C4D}.Release|Any CPU.Build.0 = Release|Any CPU
		{F70D9062-870B-405D-8E90-FB5113248C4D}.Release|x64.ActiveCfg = Release|Any CPU
		{F70D9062-870B-405D-8E90-FB5113248C4D}.Release|x64.Build.0 = Release|Any CPU
		{F70D9062-870B-405D-8E90-FB5113248C4D}.Release|x86.ActiveCfg = Release|Any CPU
		{F70D9062-870B-405D-8E90-FB5113248C4D}.Release|x86.Build.0 = Release|Any CPU
		{2C973B1A-FCF8-4A46-B1D3-937CE7EE902A}.Debug|Any CPU.ActiveCfg = Debug|Any CPU
		{2C973B1A-FCF8-4A46-B1D3-937CE7EE902A}.Debug|Any CPU.Build.0 = Debug|Any CPU
		{2C973B1A-FCF8-4A46-B1D3-937CE7EE902A}.Debug|x64.ActiveCfg = Debug|Any CPU
		{2C973B1A-FCF8-4A46-B1D3-937CE7EE902A}.Debug|x64.Build.0 = Debug|Any CPU
		{2C973B1A-FCF8-4A46-B1D3-937CE7EE902A}.Debug|x86.ActiveCfg = Debug|Any CPU
		{2C973B1A-FCF8-4A46-B1D3-937CE7EE902A}.Debug|x86.Build.0 = Debug|Any CPU
		{2C973B1A-FCF8-4A46-B1D3-937CE7EE902A}.Release|Any CPU.ActiveCfg = Release|Any CPU
		{2C973B1A-FCF8-4A46-B1D3-937CE7EE902A}.Release|Any CPU.Build.0 = Release|Any CPU
		{2C973B1A-FCF8-4A46-B1D3-937CE7EE902A}.Release|x64.ActiveCfg = Release|Any CPU
		{2C973B1A-FCF8-4A46-B1D3-937CE7EE902A}.Release|x64.Build.0 = Release|Any CPU
		{2C973B1A-FCF8-4A46-B1D3-937CE7EE902A}.Release|x86.ActiveCfg = Release|Any CPU
		{2C973B1A-FCF8-4A46-B1D3-937CE7EE902A}.Release|x86.Build.0 = Release|Any CPU
		{4BB4FD0E-5AE4-43A2-8699-821C0A7A84FC}.Debug|Any CPU.ActiveCfg = Debug|Any CPU
		{4BB4FD0E-5AE4-43A2-8699-821C0A7A84FC}.Debug|Any CPU.Build.0 = Debug|Any CPU
		{4BB4FD0E-5AE4-43A2-8699-821C0A7A84FC}.Debug|x64.ActiveCfg = Debug|Any CPU
		{4BB4FD0E-5AE4-43A2-8699-821C0A7A84FC}.Debug|x64.Build.0 = Debug|Any CPU
		{4BB4FD0E-5AE4-43A2-8699-821C0A7A84FC}.Debug|x86.ActiveCfg = Debug|Any CPU
		{4BB4FD0E-5AE4-43A2-8699-821C0A7A84FC}.Debug|x86.Build.0 = Debug|Any CPU
		{4BB4FD0E-5AE4-43A2-8699-821C0A7A84FC}.Release|Any CPU.ActiveCfg = Release|Any CPU
		{4BB4FD0E-5AE4-43A2-8699-821C0A7A84FC}.Release|Any CPU.Build.0 = Release|Any CPU
		{4BB4FD0E-5AE4-43A2-8699-821C0A7A84FC}.Release|x64.ActiveCfg = Release|Any CPU
		{4BB4FD0E-5AE4-43A2-8699-821C0A7A84FC}.Release|x64.Build.0 = Release|Any CPU
		{4BB4FD0E-5AE4-43A2-8699-821C0A7A84FC}.Release|x86.ActiveCfg = Release|Any CPU
		{4BB4FD0E-5AE4-43A2-8699-821C0A7A84FC}.Release|x86.Build.0 = Release|Any CPU
	EndGlobalSection
	GlobalSection(SolutionProperties) = preSolution
		HideSolutionNode = FALSE
	EndGlobalSection
	GlobalSection(NestedProjects) = preSolution
		{F70D9062-870B-405D-8E90-FB5113248C4D} = {D5C0B8E2-FDB4-442B-95F6-282E82D688CE}
		{2C973B1A-FCF8-4A46-B1D3-937CE7EE902A} = {D5C0B8E2-FDB4-442B-95F6-282E82D688CE}
		{4BB4FD0E-5AE4-43A2-8699-821C0A7A84FC} = {0AB3BF05-4346-4AA6-1389-037BE0695223}
	EndGlobalSection
EndGlobal
